
Microsoft Visual Studio Solution File, Format Version 12.00
# Visual Studio Version 17
VisualStudioVersion = 17.6.33723.286
MinimumVisualStudioVersion = 10.0.40219.1
Project("{9A19103F-16F7-4668-BE54-9A1E7A4F7556}") = "BlazorServerExmp", "BlazorServerExmp\BlazorServerExmp.csproj", "{4160924D-F6CE-4CCB-AECB-03333340C931}"
EndProject
Project("{9A19103F-16F7-4668-BE54-9A1E7A4F7556}") = "DataAccesslibrairy", "DataAccesslibrairy\DataAccesslibrairy.csproj", "{F7E22C51-5AF1-4320-9950-6D6ED07017F2}"
EndProject
Global
	GlobalSection(SolutionConfigurationPlatforms) = preSolution
		Debug|Any CPU = Debug|Any CPU
		Release|Any CPU = Release|Any CPU
	EndGlobalSection
	GlobalSection(ProjectConfigurationPlatforms) = postSolution
		{4160924D-F6CE-4CCB-AECB-03333340C931}.Debug|Any CPU.ActiveCfg = Debug|Any CPU
		{4160924D-F6CE-4CCB-AECB-03333340C931}.Debug|Any CPU.Build.0 = Debug|Any CPU
		{4160924D-F6CE-4CCB-AECB-03333340C931}.Release|Any CPU.ActiveCfg = Release|Any CPU
		{4160924D-F6CE-4CCB-AECB-03333340C931}.Release|Any CPU.Build.0 = Release|Any CPU
		{F7E22C51-5AF1-4320-9950-6D6ED07017F2}.Debug|Any CPU.ActiveCfg = Debug|Any CPU
		{F7E22C51-5AF1-4320-9950-6D6ED07017F2}.Debug|Any CPU.Build.0 = Debug|Any CPU
		{F7E22C51-5AF1-4320-9950-6D6ED07017F2}.Release|Any CPU.ActiveCfg = Release|Any CPU
		{F7E22C51-5AF1-4320-9950-6D6ED07017F2}.Release|Any CPU.Build.0 = Release|Any CPU
	EndGlobalSection
	GlobalSection(SolutionProperties) = preSolution
		HideSolutionNode = FALSE
	EndGlobalSection
	GlobalSection(ExtensibilityGlobals) = postSolution
		SolutionGuid = {073F6EB9-966B-4D96-B0C3-4D8848611A30}
	EndGlobalSection
EndGlobal
